
Microsoft Visual Studio Solution File, Format Version 11.00
# Visual Studio 2010
Project("{8BC9CEB8-8B4A-11D0-8D11-00A0C91BC942}") = "POP_test", "POP_test\POP_test.vcxproj", "{C528B568-4293-49CE-84E5-1D7CBB5F7592}"
EndProject
Global
	GlobalSection(SolutionConfigurationPlatforms) = preSolution
		Debug|Win32 = Debug|Win32
		Release|Win32 = Release|Win32
	EndGlobalSection
	GlobalSection(ProjectConfigurationPlatforms) = postSolution
		{C528B568-4293-49CE-84E5-1D7CBB5F7592}.Debug|Win32.ActiveCfg = Debug|Win32
		{C528B568-4293-49CE-84E5-1D7CBB5F7592}.Debug|Win32.Build.0 = Debug|Win32
		{C528B568-4293-49CE-84E5-1D7CBB5F7592}.Release|Win32.ActiveCfg = Release|Win32
		{C528B568-4293-49CE-84E5-1D7CBB5F7592}.Release|Win32.Build.0 = Release|Win32
	EndGlobalSection
	GlobalSection(SolutionProperties) = preSolution
		HideSolutionNode = FALSE
	EndGlobalSection
EndGlobal
